{
    "_readme": [
        "This file locks the dependencies of your project to a known state",
        "Read more about it at https://getcomposer.org/doc/01-basic-usage.md#composer-lock-the-lock-file",
        "This file is @generated automatically"
    ],
    "content-hash": "8e353e0a728a4af38795ac6f85cf965e",
    "packages": [
        {
            "name": "ping-qu/open-api-sdk",
            "version": "1.0.4",
            "source": {
                "type": "git",
                "url": "https://github.com/ping-qu/open-api-sdk.git",
                "reference": "538f46b6349204ed5bd112e47d3d49172c5e75a1"
            },
            "dist": {
                "type": "zip",
                "url": "https://api.github.com/repos/ping-qu/open-api-sdk/zipball/538f46b6349204ed5bd112e47d3d49172c5e75a1",
                "reference": "538f46b6349204ed5bd112e47d3d49172c5e75a1",
                "shasum": ""
            },
            "require": {
                "php": ">=5.4"
            },
            "type": "library",
            "autoload": {
                "psr-4": {
                    "Pingqu\\OpenApiSdk\\": "src/"
                }
            },
            "notification-url": "https://packagist.org/downloads/",
            "license": [
                "MIT"
            ],
            "authors": [
                {
                    "name": "linyue",
                    "email": "769353695@qq.com"
                }
            ],
            "description": "pingqu open api sdk",
            "time": "2018-09-18T07:40:22+00:00"
        }
    ],
    "packages-dev": [],
    "aliases": [],
    "minimum-stability": "stable",
    "stability-flags": [],
    "prefer-stable": false,
    "prefer-lowest": false,
    "platform": {
        "php": ">=7.0.0"
    },
    "platform-dev": []
}
