{
    "_readme": [
        "This file locks the dependencies of your project to a known state",
        "Read more about it at https://getcomposer.org/doc/01-basic-usage.md#installing-dependencies",
        "This file is @generated automatically"
    ],
    "content-hash": "e3329258f8a9c59c3bcac746d411bd10",
    "packages": [
        {
            "name": "lyue/framework",
            "version": "1.0.0",
            "dist": {
                "type": "path",
                "url": "./lyue/framework",
                "reference": "02b8fc31c6febed24a2a76fb62a30cb38758dc83"
            },
            "require": {
                "php": ">=7.1"
            },
            "type": "library",
            "description": "lyue framework core",
            "transport-options": {
                "relative": true
            }
        },
        {
            "name": "ping-qu/open-api-sdk",
            "version": "1.0.4",
            "source": {
                "type": "git",
                "url": "https://github.com/ping-qu/open-api-sdk.git",
                "reference": "538f46b6349204ed5bd112e47d3d49172c5e75a1"
            },
            "dist": {
                "type": "zip",
                "url": "https://api.github.com/repos/ping-qu/open-api-sdk/zipball/538f46b6349204ed5bd112e47d3d49172c5e75a1",
                "reference": "538f46b6349204ed5bd112e47d3d49172c5e75a1",
                "shasum": "",
                "mirrors": [
                    {
                        "url": "https://mirrors.aliyun.com/composer/dists/%package%/%reference%.%type%",
                        "preferred": true
                    }
                ]
            },
            "require": {
                "php": ">=5.4"
            },
            "type": "library",
            "autoload": {
                "psr-4": {
                    "Pingqu\\OpenApiSdk\\": "src/"
                }
            },
            "notification-url": "https://packagist.org/downloads/",
            "license": [
                "MIT"
            ],
            "authors": [
                {
                    "name": "linyue",
                    "email": "769353695@qq.com"
                }
            ],
            "description": "pingqu open api sdk",
            "time": "2018-09-18T07:40:22+00:00"
        }
    ],
    "packages-dev": [],
    "aliases": [],
    "minimum-stability": "stable",
    "stability-flags": [],
    "prefer-stable": false,
    "prefer-lowest": false,
    "platform": {
        "php": ">=7.0.0"
    },
    "platform-dev": [],
    "plugin-api-version": "1.1.0"
}
